// !$*UTF8*$!
{
	archiveVersion = 1;
	classes = {
	};
	objectVersion = 77;
	objects = {

/* Begin PBXBuildFile section */
		7F01DCB42E424DDC000C4BE3 /* FirebaseAuth in Frameworks */ = {isa = PBXBuildFile; productRef = 7F01DCB32E424DDC000C4BE3 /* FirebaseAuth */; };
		7F01DCB62E424DDC000C4BE3 /* FirebaseDatabase in Frameworks */ = {isa = PBXBuildFile; productRef = 7F01DCB52E424DDC000C4BE3 /* FirebaseDatabase */; };
		7F01DCB82E424DDC000C4BE3 /* FirebaseFirestore in Frameworks */ = {isa = PBXBuildFile; productRef = 7F01DCB72E424DDC000C4BE3 /* FirebaseFirestore */; };
		7F01DCBA2E424F67000C4BE3 /* FirebaseAnalytics in Frameworks */ = {isa = PBXBuildFile; productRef = 7F01DCB92E424F67000C4BE3 /* FirebaseAnalytics */; };
/* End PBXBuildFile section */

/* Begin PBXContainerItemProxy section */
		7F38FAAA2E09514700DDF301 /* PBXContainerItemProxy */ = {
			isa = PBXContainerItemProxy;
			containerPortal = 7F38FA912E09514600DDF301 /* Project object */;
			proxyType = 1;
			remoteGlobalIDString = 7F38FA982E09514600DDF301;
			remoteInfo = MyBingo;
		};
		7F38FAB42E09514700DDF301 /* PBXContainerItemProxy */ = {
			isa = PBXContainerItemProxy;
			containerPortal = 7F38FA912E09514600DDF301 /* Project object */;
			proxyType = 1;
			remoteGlobalIDString = 7F38FA982E09514600DDF301;
			remoteInfo = MyBingo;
		};
/* End PBXContainerItemProxy section */

/* Begin PBXFileReference section */
		7F38FA992E09514600DDF301 /* MyBingo.app */ = {isa = PBXFileReference; explicitFileType = wrapper.application; includeInIndex = 0; path = MyBingo.app; sourceTree = BUILT_PRODUCTS_DIR; };
		7F38FAA92E09514700DDF301 /* MyBingoTests.xctest */ = {isa = PBXFileReference; explicitFileType = wrapper.cfbundle; includeInIndex = 0; path = MyBingoTests.xctest; sourceTree = BUILT_PRODUCTS_DIR; };
		7F38FAB32E09514700DDF301 /* MyBingoUITests.xctest */ = {isa = PBXFileReference; explicitFileType = wrapper.cfbundle; includeInIndex = 0; path = MyBingoUITests.xctest; sourceTree = BUILT_PRODUCTS_DIR; };
/* End PBXFileReference section */

/* Begin PBXFileSystemSynchronizedRootGroup section */
		7F38FA9B2E09514600DDF301 /* MyBingo */ = {
			isa = PBXFileSystemSynchronizedRootGroup;
			path = MyBingo;
			sourceTree = "<group>";
		};
		7F38FAAC2E09514700DDF301 /* MyBingoTests */ = {
			isa = PBXFileSystemSynchronizedRootGroup;
			path = MyBingoTests;
			sourceTree = "<group>";
		};
		7F38FAB62E09514700DDF301 /* MyBingoUITests */ = {
			isa = PBXFileSystemSynchronizedRootGroup;
			path = MyBingoUITests;
			sourceTree = "<group>";
		};
/* End PBXFileSystemSynchronizedRootGroup section */

/* Begin PBXFrameworksBuildPhase section */
		7F38FA962E09514600DDF301 /* Frameworks */ = {
			isa = PBXFrameworksBuildPhase;
			buildActionMask = 2147483647;
			files = (
				7F01DCB62E424DDC000C4BE3 /* FirebaseDatabase in Frameworks */,
				7F01DCB42E424DDC000C4BE3 /* FirebaseAuth in Frameworks */,
				7F01DCBA2E424F67000C4BE3 /* FirebaseAnalytics in Frameworks */,
				7F01DCB82E424DDC000C4BE3 /* FirebaseFirestore in Frameworks */,
			);
			runOnlyForDeploymentPostprocessing = 0;
		};
		7F38FAA62E09514700DDF301 /* Frameworks */ = {
			isa = PBXFrameworksBuildPhase;
			buildActionMask = 2147483647;
			files = (
			);
			runOnlyForDeploymentPostprocessing = 0;
		};
		7F38FAB02E09514700DDF301 /* Frameworks */ = {
			isa = PBXFrameworksBuildPhase;
			buildActionMask = 2147483647;
			files = (
			);
			runOnlyForDeploymentPostprocessing = 0;
		};
/* End PBXFrameworksBuildPhase section */

/* Begin PBXGroup section */
		7F38FA902E09514600DDF301 = {
			isa = PBXGroup;
			children = (
				7F38FA9B2E09514600DDF301 /* MyBingo */,
				7F38FAAC2E09514700DDF301 /* MyBingoTests */,
				7F38FAB62E09514700DDF301 /* MyBingoUITests */,
				7F38FA9A2E09514600DDF301 /* Products */,
			);
			sourceTree = "<group>";
		};
		7F38FA9A2E09514600DDF301 /* Products */ = {
			isa = PBXGroup;
			children = (
				7F38FA992E09514600DDF301 /* MyBingo.app */,
				7F38FAA92E09514700DDF301 /* MyBingoTests.xctest */,
				7F38FAB32E09514700DDF301 /* MyBingoUITests.xctest */,
			);
			name = Products;
			sourceTree = "<group>";
		};
/* End PBXGroup section */

/* Begin PBXNativeTarget section */
		7F38FA982E09514600DDF301 /* MyBingo */ = {
			isa = PBXNativeTarget;
			buildConfigurationList = 7F38FABD2E09514700DDF301 /* Build configuration list for PBXNativeTarget "MyBingo" */;
			buildPhases = (
				7F38FA952E09514600DDF301 /* Sources */,
				7F38FA962E09514600DDF301 /* Frameworks */,
				7F38FA972E09514600DDF301 /* Resources */,
			);
			buildRules = (
			);
			dependencies = (
			);
			fileSystemSynchronizedGroups = (
				7F38FA9B2E09514600DDF301 /* MyBingo */,
			);
			name = MyBingo;
			packageProductDependencies = (
				7F01DCB32E424DDC000C4BE3 /* FirebaseAuth */,
				7F01DCB52E424DDC000C4BE3 /* FirebaseDatabase */,
				7F01DCB72E424DDC000C4BE3 /* FirebaseFirestore */,
				7F01DCB92E424F67000C4BE3 /* FirebaseAnalytics */,
			);
			productName = MyBingo;
			productReference = 7F38FA992E09514600DDF301 /* MyBingo.app */;
			productType = "com.apple.product-type.application";
		};
		7F38FAA82E09514700DDF301 /* MyBingoTests */ = {
			isa = PBXNativeTarget;
			buildConfigurationList = 7F38FAC02E09514700DDF301 /* Build configuration list for PBXNativeTarget "MyBingoTests" */;
			buildPhases = (
				7F38FAA52E09514700DDF301 /* Sources */,
				7F38FAA62E09514700DDF301 /* Frameworks */,
				7F38FAA72E09514700DDF301 /* Resources */,
			);
			buildRules = (
			);
			dependencies = (
				7F38FAAB2E09514700DDF301 /* PBXTargetDependency */,
			);
			fileSystemSynchronizedGroups = (
				7F38FAAC2E09514700DDF301 /* MyBingoTests */,
			);
			name = MyBingoTests;
			packageProductDependencies = (
			);
			productName = MyBingoTests;
			productReference = 7F38FAA92E09514700DDF301 /* MyBingoTests.xctest */;
			productType = "com.apple.product-type.bundle.unit-test";
		};
		7F38FAB22E09514700DDF301 /* MyBingoUITests */ = {
			isa = PBXNativeTarget;
			buildConfigurationList = 7F38FAC32E09514700DDF301 /* Build configuration list for PBXNativeTarget "MyBingoUITests" */;
			buildPhases = (
				7F38FAAF2E09514700DDF301 /* Sources */,
				7F38FAB02E09514700DDF301 /* Frameworks */,
				7F38FAB12E09514700DDF301 /* Resources */,
			);
			buildRules = (
			);
			dependencies = (
				7F38FAB52E09514700DDF301 /* PBXTargetDependency */,
			);
			fileSystemSynchronizedGroups = (
				7F38FAB62E09514700DDF301 /* MyBingoUITests */,
			);
			name = MyBingoUITests;
			packageProductDependencies = (
			);
			productName = MyBingoUITests;
			productReference = 7F38FAB32E09514700DDF301 /* MyBingoUITests.xctest */;
			productType = "com.apple.product-type.bundle.ui-testing";
		};
/* End PBXNativeTarget section */

/* Begin PBXProject section */
		7F38FA912E09514600DDF301 /* Project object */ = {
			isa = PBXProject;
			attributes = {
				BuildIndependentTargetsInParallel = 1;
				LastSwiftUpdateCheck = 1620;
				LastUpgradeCheck = 1620;
				TargetAttributes = {
					7F38FA982E09514600DDF301 = {
						CreatedOnToolsVersion = 16.2;
					};
					7F38FAA82E09514700DDF301 = {
						CreatedOnToolsVersion = 16.2;
						TestTargetID = 7F38FA982E09514600DDF301;
					};
					7F38FAB22E09514700DDF301 = {
						CreatedOnToolsVersion = 16.2;
						TestTargetID = 7F38FA982E09514600DDF301;
					};
				};
			};
			buildConfigurationList = 7F38FA942E09514600DDF301 /* Build configuration list for PBXProject "MyBingo" */;
			developmentRegion = en;
			hasScannedForEncodings = 0;
			knownRegions = (
				en,
				Base,
			);
			mainGroup = 7F38FA902E09514600DDF301;
			minimizedProjectReferenceProxies = 1;
			packageReferences = (
				7F01DCB22E424DDC000C4BE3 /* XCRemoteSwiftPackageReference "firebase-ios-sdk" */,
			);
			preferredProjectObjectVersion = 77;
			productRefGroup = 7F38FA9A2E09514600DDF301 /* Products */;
			projectDirPath = "";
			projectRoot = "";
			targets = (
				7F38FA982E09514600DDF301 /* MyBingo */,
				7F38FAA82E09514700DDF301 /* MyBingoTests */,
				7F38FAB22E09514700DDF301 /* MyBingoUITests */,
			);
		};
/* End PBXProject section */

/* Begin PBXResourcesBuildPhase section */
		7F38FA972E09514600DDF301 /* Resources */ = {
			isa = PBXResourcesBuildPhase;
			buildActionMask = 2147483647;
			files = (
			);
			runOnlyForDeploymentPostprocessing = 0;
		};
		7F38FAA72E09514700DDF301 /* Resources */ = {
			isa = PBXResourcesBuildPhase;
			buildActionMask = 2147483647;
			files = (
			);
			runOnlyForDeploymentPostprocessing = 0;
		};
		7F38FAB12E09514700DDF301 /* Resources */ = {
			isa = PBXResourcesBuildPhase;
			buildActionMask = 2147483647;
			files = (
			);
			runOnlyForDeploymentPostprocessing = 0;
		};
/* End PBXResourcesBuildPhase section */

/* Begin PBXSourcesBuildPhase section */
		7F38FA952E09514600DDF301 /* Sources */ = {
			isa = PBXSourcesBuildPhase;
			buildActionMask = 2147483647;
			files = (
			);
			runOnlyForDeploymentPostprocessing = 0;
		};
		7F38FAA52E09514700DDF301 /* Sources */ = {
			isa = PBXSourcesBuildPhase;
			buildActionMask = 2147483647;
			files = (
			);
			runOnlyForDeploymentPostprocessing = 0;
		};
		7F38FAAF2E09514700DDF301 /* Sources */ = {
			isa = PBXSourcesBuildPhase;
			buildActionMask = 2147483647;
			files = (
			);
			runOnlyForDeploymentPostprocessing = 0;
		};
/* End PBXSourcesBuildPhase section */

/* Begin PBXTargetDependency section */
		7F38FAAB2E09514700DDF301 /* PBXTargetDependency */ = {
			isa = PBXTargetDependency;
			target = 7F38FA982E09514600DDF301 /* MyBingo */;
			targetProxy = 7F38FAAA2E09514700DDF301 /* PBXContainerItemProxy */;
		};
		7F38FAB52E09514700DDF301 /* PBXTargetDependency */ = {
			isa = PBXTargetDependency;
			target = 7F38FA982E09514600DDF301 /* MyBingo */;
			targetProxy = 7F38FAB42E09514700DDF301 /* PBXContainerItemProxy */;
		};
/* End PBXTargetDependency section */

/* Begin XCBuildConfiguration section */
		7F38FABB2E09514700DDF301 /* Debug */ = {
			isa = XCBuildConfiguration;
			buildSettings = {
				ALWAYS_SEARCH_USER_PATHS = NO;
				ASSETCATALOG_COMPILER_GENERATE_SWIFT_ASSET_SYMBOL_EXTENSIONS = YES;
				CLANG_ANALYZER_NONNULL = YES;
				CLANG_ANALYZER_NUMBER_OBJECT_CONVERSION = YES_AGGRESSIVE;
				CLANG_CXX_LANGUAGE_STANDARD = "gnu++20";
				CLANG_ENABLE_MODULES = YES;
				CLANG_ENABLE_OBJC_ARC = YES;
				CLANG_ENABLE_OBJC_WEAK = YES;
				CLANG_WARN_BLOCK_CAPTURE_AUTORELEASING = YES;
				CLANG_WARN_BOOL_CONVERSION = YES;
				CLANG_WARN_COMMA = YES;
				CLANG_WARN_CONSTANT_CONVERSION = YES;
				CLANG_WARN_DEPRECATED_OBJC_IMPLEMENTATIONS = YES;
				CLANG_WARN_DIRECT_OBJC_ISA_USAGE = YES_ERROR;
				CLANG_WARN_DOCUMENTATION_COMMENTS = YES;
				CLANG_WARN_EMPTY_BODY = YES;
				CLANG_WARN_ENUM_CONVERSION = YES;
				CLANG_WARN_INFINITE_RECURSION = YES;
				CLANG_WARN_INT_CONVERSION = YES;
				CLANG_WARN_NON_LITERAL_NULL_CONVERSION = YES;
				CLANG_WARN_OBJC_IMPLICIT_RETAIN_SELF = YES;
				CLANG_WARN_OBJC_LITERAL_CONVERSION = YES;
				CLANG_WARN_OBJC_ROOT_CLASS = YES_ERROR;
				CLANG_WARN_QUOTED_INCLUDE_IN_FRAMEWORK_HEADER = YES;
				CLANG_WARN_RANGE_LOOP_ANALYSIS = YES;
				CLANG_WARN_STRICT_PROTOTYPES = YES;
				CLANG_WARN_SUSPICIOUS_MOVE = YES;
				CLANG_WARN_UNGUARDED_AVAILABILITY = YES_AGGRESSIVE;
				CLANG_WARN_UNREACHABLE_CODE = YES;
				CLANG_WARN__DUPLICATE_METHOD_MATCH = YES;
				COPY_PHASE_STRIP = NO;
				DEBUG_INFORMATION_FORMAT = dwarf;
				ENABLE_STRICT_OBJC_MSGSEND = YES;
				ENABLE_TESTABILITY = YES;
				ENABLE_USER_SCRIPT_SANDBOXING = YES;
				GCC_C_LANGUAGE_STANDARD = gnu17;
				GCC_DYNAMIC_NO_PIC = NO;
				GCC_NO_COMMON_BLOCKS = YES;
				GCC_OPTIMIZATION_LEVEL = 0;
				GCC_PREPROCESSOR_DEFINITIONS = (
					"DEBUG=1",
					"$(inherited)",
				);
				GCC_WARN_64_TO_32_BIT_CONVERSION = YES;
				GCC_WARN_ABOUT_RETURN_TYPE = YES_ERROR;
				GCC_WARN_UNDECLARED_SELECTOR = YES;
				GCC_WARN_UNINITIALIZED_AUTOS = YES_AGGRESSIVE;
				GCC_WARN_UNUSED_FUNCTION = YES;
				GCC_WARN_UNUSED_VARIABLE = YES;
				IPHONEOS_DEPLOYMENT_TARGET = 18.2;
				LOCALIZATION_PREFERS_STRING_CATALOGS = YES;
				MTL_ENABLE_DEBUG_INFO = INCLUDE_SOURCE;
				MTL_FAST_MATH = YES;
				ONLY_ACTIVE_ARCH = YES;
				SDKROOT = iphoneos;
				SWIFT_ACTIVE_COMPILATION_CONDITIONS = "DEBUG $(inherited)";
				SWIFT_OPTIMIZATION_LEVEL = "-Onone";
			};
			name = Debug;
		};
		7F38FABC2E09514700DDF301 /* Release */ = {
			isa = XCBuildConfiguration;
			buildSettings = {
				ALWAYS_SEARCH_USER_PATHS = NO;
				ASSETCATALOG_COMPILER_GENERATE_SWIFT_ASSET_SYMBOL_EXTENSIONS = YES;
				CLANG_ANALYZER_NONNULL = YES;
				CLANG_ANALYZER_NUMBER_OBJECT_CONVERSION = YES_AGGRESSIVE;
				CLANG_CXX_LANGUAGE_STANDARD = "gnu++20";
				CLANG_ENABLE_MODULES = YES;
				CLANG_ENABLE_OBJC_ARC = YES;
				CLANG_ENABLE_OBJC_WEAK = YES;
				CLANG_WARN_BLOCK_CAPTURE_AUTORELEASING = YES;
				CLANG_WARN_BOOL_CONVERSION = YES;
				CLANG_WARN_COMMA = YES;
				CLANG_WARN_CONSTANT_CONVERSION = YES;
				CLANG_WARN_DEPRECATED_OBJC_IMPLEMENTATIONS = YES;
				CLANG_WARN_DIRECT_OBJC_ISA_USAGE = YES_ERROR;
				CLANG_WARN_DOCUMENTATION_COMMENTS = YES;
				CLANG_WARN_EMPTY_BODY = YES;
				CLANG_WARN_ENUM_CONVERSION = YES;
				CLANG_WARN_INFINITE_RECURSION = YES;
				CLANG_WARN_INT_CONVERSION = YES;
				CLANG_WARN_NON_LITERAL_NULL_CONVERSION = YES;
				CLANG_WARN_OBJC_IMPLICIT_RETAIN_SELF = YES;
				CLANG_WARN_OBJC_LITERAL_CONVERSION = YES;
				CLANG_WARN_OBJC_ROOT_CLASS = YES_ERROR;
				CLANG_WARN_QUOTED_INCLUDE_IN_FRAMEWORK_HEADER = YES;
				CLANG_WARN_RANGE_LOOP_ANALYSIS = YES;
				CLANG_WARN_STRICT_PROTOTYPES = YES;
				CLANG_WARN_SUSPICIOUS_MOVE = YES;
				CLANG_WARN_UNGUARDED_AVAILABILITY = YES_AGGRESSIVE;
				CLANG_WARN_UNREACHABLE_CODE = YES;
				CLANG_WARN__DUPLICATE_METHOD_MATCH = YES;
				COPY_PHASE_STRIP = NO;
				DEBUG_INFORMATION_FORMAT = "dwarf-with-dsym";
				ENABLE_NS_ASSERTIONS = NO;
				ENABLE_STRICT_OBJC_MSGSEND = YES;
				ENABLE_USER_SCRIPT_SANDBOXING = YES;
				GCC_C_LANGUAGE_STANDARD = gnu17;
				GCC_NO_COMMON_BLOCKS = YES;
				GCC_WARN_64_TO_32_BIT_CONVERSION = YES;
				GCC_WARN_ABOUT_RETURN_TYPE = YES_ERROR;
				GCC_WARN_UNDECLARED_SELECTOR = YES;
				GCC_WARN_UNINITIALIZED_AUTOS = YES_AGGRESSIVE;
				GCC_WARN_UNUSED_FUNCTION = YES;
				GCC_WARN_UNUSED_VARIABLE = YES;
				IPHONEOS_DEPLOYMENT_TARGET = 18.2;
				LOCALIZATION_PREFERS_STRING_CATALOGS = YES;
				MTL_ENABLE_DEBUG_INFO = NO;
				MTL_FAST_MATH = YES;
				SDKROOT = iphoneos;
				SWIFT_COMPILATION_MODE = wholemodule;
				VALIDATE_PRODUCT = YES;
			};
			name = Release;
		};
		7F38FABE2E09514700DDF301 /* Debug */ = {
			isa = XCBuildConfiguration;
			buildSettings = {
				ASSETCATALOG_COMPILER_APPICON_NAME = AppIcon;
				ASSETCATALOG_COMPILER_GLOBAL_ACCENT_COLOR_NAME = AccentColor;
				CODE_SIGN_STYLE = Automatic;
				CURRENT_PROJECT_VERSION = 1;
				DEVELOPMENT_ASSET_PATHS = "\"MyBingo/Preview Content\"";
				DEVELOPMENT_TEAM = SF8J4Y6763;
				ENABLE_PREVIEWS = YES;
				GENERATE_INFOPLIST_FILE = YES;
				INFOPLIST_KEY_UIApplicationSceneManifest_Generation = YES;
				INFOPLIST_KEY_UIApplicationSupportsIndirectInputEvents = YES;
				INFOPLIST_KEY_UILaunchScreen_Generation = YES;
				INFOPLIST_KEY_UISupportedInterfaceOrientations_iPad = "UIInterfaceOrientationPortrait UIInterfaceOrientationPortraitUpsideDown UIInterfaceOrientationLandscapeLeft UIInterfaceOrientationLandscapeRight";
				INFOPLIST_KEY_UISupportedInterfaceOrientations_iPhone = "UIInterfaceOrientationPortrait UIInterfaceOrientationLandscapeLeft UIInterfaceOrientationLandscapeRight";
				LD_RUNPATH_SEARCH_PATHS = (
					"$(inherited)",
					"@executable_path/Frameworks",
				);
				MARKETING_VERSION = 1.0;
				PRODUCT_BUNDLE_IDENTIFIER = com.noor.MyBingo;
				PRODUCT_NAME = "$(TARGET_NAME)";
				SWIFT_EMIT_LOC_STRINGS = YES;
				SWIFT_VERSION = 5.0;
				TARGETED_DEVICE_FAMILY = "1,2";
			};
			name = Debug;
		};
		7F38FABF2E09514700DDF301 /* Release */ = {
			isa = XCBuildConfiguration;
			buildSettings = {
				ASSETCATALOG_COMPILER_APPICON_NAME = AppIcon;
				ASSETCATALOG_COMPILER_GLOBAL_ACCENT_COLOR_NAME = AccentColor;
				CODE_SIGN_STYLE = Automatic;
				CURRENT_PROJECT_VERSION = 1;
				DEVELOPMENT_ASSET_PATHS = "\"MyBingo/Preview Content\"";
				DEVELOPMENT_TEAM = SF8J4Y6763;
				ENABLE_PREVIEWS = YES;
				GENERATE_INFOPLIST_FILE = YES;
				INFOPLIST_KEY_UIApplicationSceneManifest_Generation = YES;
				INFOPLIST_KEY_UIApplicationSupportsIndirectInputEvents = YES;
				INFOPLIST_KEY_UILaunchScreen_Generation = YES;
				INFOPLIST_KEY_UISupportedInterfaceOrientations_iPad = "UIInterfaceOrientationPortrait UIInterfaceOrientationPortraitUpsideDown UIInterfaceOrientationLandscapeLeft UIInterfaceOrientationLandscapeRight";
				INFOPLIST_KEY_UISupportedInterfaceOrientations_iPhone = "UIInterfaceOrientationPortrait UIInterfaceOrientationLandscapeLeft UIInterfaceOrientationLandscapeRight";
				LD_RUNPATH_SEARCH_PATHS = (
					"$(inherited)",
					"@executable_path/Frameworks",
				);
				MARKETING_VERSION = 1.0;
				PRODUCT_BUNDLE_IDENTIFIER = com.noor.MyBingo;
				PRODUCT_NAME = "$(TARGET_NAME)";
				SWIFT_EMIT_LOC_STRINGS = YES;
				SWIFT_VERSION = 5.0;
				TARGETED_DEVICE_FAMILY = "1,2";
			};
			name = Release;
		};
		7F38FAC12E09514700DDF301 /* Debug */ = {
			isa = XCBuildConfiguration;
			buildSettings = {
				BUNDLE_LOADER = "$(TEST_HOST)";
				CODE_SIGN_STYLE = Automatic;
				CURRENT_PROJECT_VERSION = 1;
				DEVELOPMENT_TEAM = SF8J4Y6763;
				GENERATE_INFOPLIST_FILE = YES;
				IPHONEOS_DEPLOYMENT_TARGET = 18.2;
				MARKETING_VERSION = 1.0;
				PRODUCT_BUNDLE_IDENTIFIER = com.noor.MyBingoTests;
				PRODUCT_NAME = "$(TARGET_NAME)";
				SWIFT_EMIT_LOC_STRINGS = NO;
				SWIFT_VERSION = 5.0;
				TARGETED_DEVICE_FAMILY = "1,2";
				TEST_HOST = "$(BUILT_PRODUCTS_DIR)/MyBingo.app/$(BUNDLE_EXECUTABLE_FOLDER_PATH)/MyBingo";
			};
			name = Debug;
		};
		7F38FAC22E09514700DDF301 /* Release */ = {
			isa = XCBuildConfiguration;
			buildSettings = {
				BUNDLE_LOADER = "$(TEST_HOST)";
				CODE_SIGN_STYLE = Automatic;
				CURRENT_PROJECT_VERSION = 1;
				DEVELOPMENT_TEAM = SF8J4Y6763;
				GENERATE_INFOPLIST_FILE = YES;
				IPHONEOS_DEPLOYMENT_TARGET = 18.2;
				MARKETING_VERSION = 1.0;
				PRODUCT_BUNDLE_IDENTIFIER = com.noor.MyBingoTests;
				PRODUCT_NAME = "$(TARGET_NAME)";
				SWIFT_EMIT_LOC_STRINGS = NO;
				SWIFT_VERSION = 5.0;
				TARGETED_DEVICE_FAMILY = "1,2";
				TEST_HOST = "$(BUILT_PRODUCTS_DIR)/MyBingo.app/$(BUNDLE_EXECUTABLE_FOLDER_PATH)/MyBingo";
			};
			name = Release;
		};
		7F38FAC42E09514700DDF301 /* Debug */ = {
			isa = XCBuildConfiguration;
			buildSettings = {
				CODE_SIGN_STYLE = Automatic;
				CURRENT_PROJECT_VERSION = 1;
				DEVELOPMENT_TEAM = SF8J4Y6763;
				GENERATE_INFOPLIST_FILE = YES;
				MARKETING_VERSION = 1.0;
				PRODUCT_BUNDLE_IDENTIFIER = com.noor.MyBingoUITests;
				PRODUCT_NAME = "$(TARGET_NAME)";
				SWIFT_EMIT_LOC_STRINGS = NO;
				SWIFT_VERSION = 5.0;
				TARGETED_DEVICE_FAMILY = "1,2";
				TEST_TARGET_NAME = MyBingo;
			};
			name = Debug;
		};
		7F38FAC52E09514700DDF301 /* Release */ = {
			isa = XCBuildConfiguration;
			buildSettings = {
				CODE_SIGN_STYLE = Automatic;
				CURRENT_PROJECT_VERSION = 1;
				DEVELOPMENT_TEAM = SF8J4Y6763;
				GENERATE_INFOPLIST_FILE = YES;
				MARKETING_VERSION = 1.0;
				PRODUCT_BUNDLE_IDENTIFIER = com.noor.MyBingoUITests;
				PRODUCT_NAME = "$(TARGET_NAME)";
				SWIFT_EMIT_LOC_STRINGS = NO;
				SWIFT_VERSION = 5.0;
				TARGETED_DEVICE_FAMILY = "1,2";
				TEST_TARGET_NAME = MyBingo;
			};
			name = Release;
		};
/* End XCBuildConfiguration section */

/* Begin XCConfigurationList section */
		7F38FA942E09514600DDF301 /* Build configuration list for PBXProject "MyBingo" */ = {
			isa = XCConfigurationList;
			buildConfigurations = (
				7F38FABB2E09514700DDF301 /* Debug */,
				7F38FABC2E09514700DDF301 /* Release */,
			);
			defaultConfigurationIsVisible = 0;
			defaultConfigurationName = Release;
		};
		7F38FABD2E09514700DDF301 /* Build configuration list for PBXNativeTarget "MyBingo" */ = {
			isa = XCConfigurationList;
			buildConfigurations = (
				7F38FABE2E09514700DDF301 /* Debug */,
				7F38FABF2E09514700DDF301 /* Release */,
			);
			defaultConfigurationIsVisible = 0;
			defaultConfigurationName = Release;
		};
		7F38FAC02E09514700DDF301 /* Build configuration list for PBXNativeTarget "MyBingoTests" */ = {
			isa = XCConfigurationList;
			buildConfigurations = (
				7F38FAC12E09514700DDF301 /* Debug */,
				7F38FAC22E09514700DDF301 /* Release */,
			);
			defaultConfigurationIsVisible = 0;
			defaultConfigurationName = Release;
		};
		7F38FAC32E09514700DDF301 /* Build configuration list for PBXNativeTarget "MyBingoUITests" */ = {
			isa = XCConfigurationList;
			buildConfigurations = (
				7F38FAC42E09514700DDF301 /* Debug */,
				7F38FAC52E09514700DDF301 /* Release */,
			);
			defaultConfigurationIsVisible = 0;
			defaultConfigurationName = Release;
		};
/* End XCConfigurationList section */

/* Begin XCRemoteSwiftPackageReference section */
		7F01DCB22E424DDC000C4BE3 /* XCRemoteSwiftPackageReference "firebase-ios-sdk" */ = {
			isa = XCRemoteSwiftPackageReference;
			repositoryURL = "https://github.com/firebase/firebase-ios-sdk";
			requirement = {
				kind = upToNextMajorVersion;
				minimumVersion = 12.1.0;
			};
		};
/* End XCRemoteSwiftPackageReference section */

/* Begin XCSwiftPackageProductDependency section */
		7F01DCB32E424DDC000C4BE3 /* FirebaseAuth */ = {
			isa = XCSwiftPackageProductDependency;
			package = 7F01DCB22E424DDC000C4BE3 /* XCRemoteSwiftPackageReference "firebase-ios-sdk" */;
			productName = FirebaseAuth;
		};
		7F01DCB52E424DDC000C4BE3 /* FirebaseDatabase */ = {
			isa = XCSwiftPackageProductDependency;
			package = 7F01DCB22E424DDC000C4BE3 /* XCRemoteSwiftPackageReference "firebase-ios-sdk" */;
			productName = FirebaseDatabase;
		};
		7F01DCB72E424DDC000C4BE3 /* FirebaseFirestore */ = {
			isa = XCSwiftPackageProductDependency;
			package = 7F01DCB22E424DDC000C4BE3 /* XCRemoteSwiftPackageReference "firebase-ios-sdk" */;
			productName = FirebaseFirestore;
		};
		7F01DCB92E424F67000C4BE3 /* FirebaseAnalytics */ = {
			isa = XCSwiftPackageProductDependency;
			package = 7F01DCB22E424DDC000C4BE3 /* XCRemoteSwiftPackageReference "firebase-ios-sdk" */;
			productName = FirebaseAnalytics;
		};
/* End XCSwiftPackageProductDependency section */
	};
	rootObject = 7F38FA912E09514600DDF301 /* Project object */;
}
